// !$*UTF8*$!
{
	archiveVersion = 1;
	classes = {
	};
	objectVersion = 56;
	objects = {

/* Begin PBXBuildFile section */
		E9A3B7DC2B09B5CA00EA26EA /* AppDelegate.swift in Sources */ = {isa = PBXBuildFile; fileRef = E9A3B7DB2B09B5CA00EA26EA /* AppDelegate.swift */; };
		E9A3B7DE2B09B5CA00EA26EA /* SceneDelegate.swift in Sources */ = {isa = PBXBuildFile; fileRef = E9A3B7DD2B09B5CA00EA26EA /* SceneDelegate.swift */; };
		E9A3B7E02B09B5CA00EA26EA /* RMTabViewController.swift in Sources */ = {isa = PBXBuildFile; fileRef = E9A3B7DF2B09B5CA00EA26EA /* RMTabViewController.swift */; };
		E9A3B7E52B09B5CB00EA26EA /* Assets.xcassets in Resources */ = {isa = PBXBuildFile; fileRef = E9A3B7E42B09B5CB00EA26EA /* Assets.xcassets */; };
		E9A3B7E82B09B5CB00EA26EA /* LaunchScreen.storyboard in Resources */ = {isa = PBXBuildFile; fileRef = E9A3B7E62B09B5CB00EA26EA /* LaunchScreen.storyboard */; };
		E9A3B7F72B09B83200EA26EA /* RMLocation.swift in Sources */ = {isa = PBXBuildFile; fileRef = E9A3B7F62B09B83200EA26EA /* RMLocation.swift */; };
		E9A3B7F92B09B83D00EA26EA /* RMCharacter.swift in Sources */ = {isa = PBXBuildFile; fileRef = E9A3B7F82B09B83D00EA26EA /* RMCharacter.swift */; };
		E9A3B7FB2B09B84600EA26EA /* RMEpisode.swift in Sources */ = {isa = PBXBuildFile; fileRef = E9A3B7FA2B09B84600EA26EA /* RMEpisode.swift */; };
		E9A3B7FE2B09B8A800EA26EA /* RMCharacterViewController.swift in Sources */ = {isa = PBXBuildFile; fileRef = E9A3B7FD2B09B8A800EA26EA /* RMCharacterViewController.swift */; };
		E9A3B8002B09B8B800EA26EA /* RMLocationViewController.swift in Sources */ = {isa = PBXBuildFile; fileRef = E9A3B7FF2B09B8B800EA26EA /* RMLocationViewController.swift */; };
		E9A3B8022B09B8C300EA26EA /* RMEpisodeViewController.swift in Sources */ = {isa = PBXBuildFile; fileRef = E9A3B8012B09B8C300EA26EA /* RMEpisodeViewController.swift */; };
		E9A3B8042B09B8D600EA26EA /* RMSettingsViewController.swift in Sources */ = {isa = PBXBuildFile; fileRef = E9A3B8032B09B8D600EA26EA /* RMSettingsViewController.swift */; };
		E9A3B8062B09C0F100EA26EA /* RMService.swift in Sources */ = {isa = PBXBuildFile; fileRef = E9A3B8052B09C0F100EA26EA /* RMService.swift */; };
		E9A3B8082B09C10400EA26EA /* RMRequest.swift in Sources */ = {isa = PBXBuildFile; fileRef = E9A3B8072B09C10400EA26EA /* RMRequest.swift */; };
		E9A3B80A2B09C52F00EA26EA /* RMEndpoint.swift in Sources */ = {isa = PBXBuildFile; fileRef = E9A3B8092B09C52F00EA26EA /* RMEndpoint.swift */; };
		E9A3B80C2B09CA5D00EA26EA /* RMOrigin.swift in Sources */ = {isa = PBXBuildFile; fileRef = E9A3B80B2B09CA5D00EA26EA /* RMOrigin.swift */; };
		E9A3B80E2B09CAB400EA26EA /* RMSingleLocation.swift in Sources */ = {isa = PBXBuildFile; fileRef = E9A3B80D2B09CAB400EA26EA /* RMSingleLocation.swift */; };
		E9A3B8102B09CC0900EA26EA /* RMCharacterStatus.swift in Sources */ = {isa = PBXBuildFile; fileRef = E9A3B80F2B09CC0900EA26EA /* RMCharacterStatus.swift */; };
		E9A3B8122B09CC3800EA26EA /* RMCharacterGender.swift in Sources */ = {isa = PBXBuildFile; fileRef = E9A3B8112B09CC3800EA26EA /* RMCharacterGender.swift */; };
		E9A3B8162B0B25EB00EA26EA /* RMGetAllCharactersResponse.swift in Sources */ = {isa = PBXBuildFile; fileRef = E9A3B8152B0B25EB00EA26EA /* RMGetAllCharactersResponse.swift */; };
		E9A3B8182B0B2D2C00EA26EA /* RMCharacterListViewModel.swift in Sources */ = {isa = PBXBuildFile; fileRef = E9A3B8172B0B2D2C00EA26EA /* RMCharacterListViewModel.swift */; };
		E9A3B81C2B0B2DBB00EA26EA /* RMCharacterListView.swift in Sources */ = {isa = PBXBuildFile; fileRef = E9A3B81B2B0B2DBB00EA26EA /* RMCharacterListView.swift */; };
		E9A3B81E2B0B318A00EA26EA /* Extensions.swift in Sources */ = {isa = PBXBuildFile; fileRef = E9A3B81D2B0B318A00EA26EA /* Extensions.swift */; };
		E9A3B8202B0B36AF00EA26EA /* RMCharacterCollectionViewCell.swift in Sources */ = {isa = PBXBuildFile; fileRef = E9A3B81F2B0B36AF00EA26EA /* RMCharacterCollectionViewCell.swift */; };
		E9A3B8222B0B37F400EA26EA /* RMCharacterCollectionViewCellViewModel.swift in Sources */ = {isa = PBXBuildFile; fileRef = E9A3B8212B0B37F400EA26EA /* RMCharacterCollectionViewCellViewModel.swift */; };
		E9A3B8252B0B500C00EA26EA /* RMCharacterDetailViewController.swift in Sources */ = {isa = PBXBuildFile; fileRef = E9A3B8242B0B500C00EA26EA /* RMCharacterDetailViewController.swift */; };
		E9A3B8272B0B509700EA26EA /* RMCharacterDetailView.swift in Sources */ = {isa = PBXBuildFile; fileRef = E9A3B8262B0B509700EA26EA /* RMCharacterDetailView.swift */; };
		E9A3B8292B0B50B600EA26EA /* RMCharacterDetailViewViewModel.swift in Sources */ = {isa = PBXBuildFile; fileRef = E9A3B8282B0B50B600EA26EA /* RMCharacterDetailViewViewModel.swift */; };
		E9A3B82B2B0B559100EA26EA /* RMFooterLoadingCollectionReusableView.swift in Sources */ = {isa = PBXBuildFile; fileRef = E9A3B82A2B0B559100EA26EA /* RMFooterLoadingCollectionReusableView.swift */; };
		E9A3B82D2B0CE0D200EA26EA /* RMImageLoader.swift in Sources */ = {isa = PBXBuildFile; fileRef = E9A3B82C2B0CE0D200EA26EA /* RMImageLoader.swift */; };
		E9A3B8312B0D227600EA26EA /* RMCharacterPhotoCollectionViewCell.swift in Sources */ = {isa = PBXBuildFile; fileRef = E9A3B8302B0D227600EA26EA /* RMCharacterPhotoCollectionViewCell.swift */; };
		E9A3B8332B0D22AF00EA26EA /* RMCharacterInfoCollectionViewCell.swift in Sources */ = {isa = PBXBuildFile; fileRef = E9A3B8322B0D22AF00EA26EA /* RMCharacterInfoCollectionViewCell.swift */; };
		E9A3B8352B0D22C800EA26EA /* RMCharacterEpisodeCollectionViewCell.swift in Sources */ = {isa = PBXBuildFile; fileRef = E9A3B8342B0D22C800EA26EA /* RMCharacterEpisodeCollectionViewCell.swift */; };
		E9A3B8382B0D230100EA26EA /* RMCharacterPhotoCollectionViewCellViewModel.swift in Sources */ = {isa = PBXBuildFile; fileRef = E9A3B8372B0D230100EA26EA /* RMCharacterPhotoCollectionViewCellViewModel.swift */; };
		E9A3B83A2B0D231000EA26EA /* RMCharacterEpisodeCollectionViewCellViewModel.swift in Sources */ = {isa = PBXBuildFile; fileRef = E9A3B8392B0D231000EA26EA /* RMCharacterEpisodeCollectionViewCellViewModel.swift */; };
		E9A3B83C2B0D231F00EA26EA /* RMCharacterInfoCollectionViewCellViewModel.swift in Sources */ = {isa = PBXBuildFile; fileRef = E9A3B83B2B0D231F00EA26EA /* RMCharacterInfoCollectionViewCellViewModel.swift */; };
		E9A3B83E2B0DCED100EA26EA /* RMEpisodeDetailViewController.swift in Sources */ = {isa = PBXBuildFile; fileRef = E9A3B83D2B0DCED100EA26EA /* RMEpisodeDetailViewController.swift */; };
		E9A3B8402B0DD09A00EA26EA /* RMAPICacheManager.swift in Sources */ = {isa = PBXBuildFile; fileRef = E9A3B83F2B0DD09A00EA26EA /* RMAPICacheManager.swift */; };
		E9A3B8422B0DD81600EA26EA /* RMEpisodeDetailViewViewModel.swift in Sources */ = {isa = PBXBuildFile; fileRef = E9A3B8412B0DD81600EA26EA /* RMEpisodeDetailViewViewModel.swift */; };
		E9A3B8442B0DD87B00EA26EA /* RMEpisodeDetailView.swift in Sources */ = {isa = PBXBuildFile; fileRef = E9A3B8432B0DD87B00EA26EA /* RMEpisodeDetailView.swift */; };
		E9A3B8472B0E1B2C00EA26EA /* RMEpisodeListView.swift in Sources */ = {isa = PBXBuildFile; fileRef = E9A3B8462B0E1B2C00EA26EA /* RMEpisodeListView.swift */; };
		E9A3B8492B0E1D8B00EA26EA /* RMEpisodeListViewViewModel.swift in Sources */ = {isa = PBXBuildFile; fileRef = E9A3B8482B0E1D8B00EA26EA /* RMEpisodeListViewViewModel.swift */; };
		E9A3B84B2B0E216500EA26EA /* RMGetAllEpisodesResponse.swift in Sources */ = {isa = PBXBuildFile; fileRef = E9A3B84A2B0E216500EA26EA /* RMGetAllEpisodesResponse.swift */; };
		E9A3B84D2B17370100EA26EA /* RMSearchViewController.swift in Sources */ = {isa = PBXBuildFile; fileRef = E9A3B84C2B17370100EA26EA /* RMSearchViewController.swift */; };
		E9A3B8502B174E5000EA26EA /* RMEpisodeInfoCollectionViewCell.swift in Sources */ = {isa = PBXBuildFile; fileRef = E9A3B84F2B174E5000EA26EA /* RMEpisodeInfoCollectionViewCell.swift */; };
		E9A3B8532B174E8500EA26EA /* RMEpisodeInfoCollectionViewCellViewModel.swift in Sources */ = {isa = PBXBuildFile; fileRef = E9A3B8522B174E8500EA26EA /* RMEpisodeInfoCollectionViewCellViewModel.swift */; };
		E9A3B8562B20DB1B00EA26EA /* RMSettingsViewViewModel.swift in Sources */ = {isa = PBXBuildFile; fileRef = E9A3B8552B20DB1B00EA26EA /* RMSettingsViewViewModel.swift */; };
		E9A3B8582B20DB6B00EA26EA /* RMSettingsCellViewModel.swift in Sources */ = {isa = PBXBuildFile; fileRef = E9A3B8572B20DB6B00EA26EA /* RMSettingsCellViewModel.swift */; };
		E9A3B85A2B20DBF000EA26EA /* RMSettingsOption.swift in Sources */ = {isa = PBXBuildFile; fileRef = E9A3B8592B20DBF000EA26EA /* RMSettingsOption.swift */; };
		E9A3B85D2B263DCB00EA26EA /* RMSettingsView.swift in Sources */ = {isa = PBXBuildFile; fileRef = E9A3B85C2B263DCB00EA26EA /* RMSettingsView.swift */; };
/* End PBXBuildFile section */

/* Begin PBXFileReference section */
		E9A3B7D82B09B5CA00EA26EA /* RickAndMorty.app */ = {isa = PBXFileReference; explicitFileType = wrapper.application; includeInIndex = 0; path = RickAndMorty.app; sourceTree = BUILT_PRODUCTS_DIR; };
		E9A3B7DB2B09B5CA00EA26EA /* AppDelegate.swift */ = {isa = PBXFileReference; lastKnownFileType = sourcecode.swift; path = AppDelegate.swift; sourceTree = "<group>"; };
		E9A3B7DD2B09B5CA00EA26EA /* SceneDelegate.swift */ = {isa = PBXFileReference; lastKnownFileType = sourcecode.swift; path = SceneDelegate.swift; sourceTree = "<group>"; };
		E9A3B7DF2B09B5CA00EA26EA /* RMTabViewController.swift */ = {isa = PBXFileReference; lastKnownFileType = sourcecode.swift; path = RMTabViewController.swift; sourceTree = "<group>"; };
		E9A3B7E42B09B5CB00EA26EA /* Assets.xcassets */ = {isa = PBXFileReference; lastKnownFileType = folder.assetcatalog; path = Assets.xcassets; sourceTree = "<group>"; };
		E9A3B7E72B09B5CB00EA26EA /* Base */ = {isa = PBXFileReference; lastKnownFileType = file.storyboard; name = Base; path = Base.lproj/LaunchScreen.storyboard; sourceTree = "<group>"; };
		E9A3B7E92B09B5CB00EA26EA /* Info.plist */ = {isa = PBXFileReference; lastKnownFileType = text.plist.xml; path = Info.plist; sourceTree = "<group>"; };
		E9A3B7F62B09B83200EA26EA /* RMLocation.swift */ = {isa = PBXFileReference; lastKnownFileType = sourcecode.swift; path = RMLocation.swift; sourceTree = "<group>"; };
		E9A3B7F82B09B83D00EA26EA /* RMCharacter.swift */ = {isa = PBXFileReference; lastKnownFileType = sourcecode.swift; path = RMCharacter.swift; sourceTree = "<group>"; };
		E9A3B7FA2B09B84600EA26EA /* RMEpisode.swift */ = {isa = PBXFileReference; lastKnownFileType = sourcecode.swift; path = RMEpisode.swift; sourceTree = "<group>"; };
		E9A3B7FD2B09B8A800EA26EA /* RMCharacterViewController.swift */ = {isa = PBXFileReference; lastKnownFileType = sourcecode.swift; path = RMCharacterViewController.swift; sourceTree = "<group>"; };
		E9A3B7FF2B09B8B800EA26EA /* RMLocationViewController.swift */ = {isa = PBXFileReference; lastKnownFileType = sourcecode.swift; path = RMLocationViewController.swift; sourceTree = "<group>"; };
		E9A3B8012B09B8C300EA26EA /* RMEpisodeViewController.swift */ = {isa = PBXFileReference; lastKnownFileType = sourcecode.swift; path = RMEpisodeViewController.swift; sourceTree = "<group>"; };
		E9A3B8032B09B8D600EA26EA /* RMSettingsViewController.swift */ = {isa = PBXFileReference; lastKnownFileType = sourcecode.swift; path = RMSettingsViewController.swift; sourceTree = "<group>"; };
		E9A3B8052B09C0F100EA26EA /* RMService.swift */ = {isa = PBXFileReference; lastKnownFileType = sourcecode.swift; path = RMService.swift; sourceTree = "<group>"; };
		E9A3B8072B09C10400EA26EA /* RMRequest.swift */ = {isa = PBXFileReference; lastKnownFileType = sourcecode.swift; path = RMRequest.swift; sourceTree = "<group>"; };
		E9A3B8092B09C52F00EA26EA /* RMEndpoint.swift */ = {isa = PBXFileReference; lastKnownFileType = sourcecode.swift; path = RMEndpoint.swift; sourceTree = "<group>"; };
		E9A3B80B2B09CA5D00EA26EA /* RMOrigin.swift */ = {isa = PBXFileReference; lastKnownFileType = sourcecode.swift; path = RMOrigin.swift; sourceTree = "<group>"; };
		E9A3B80D2B09CAB400EA26EA /* RMSingleLocation.swift */ = {isa = PBXFileReference; lastKnownFileType = sourcecode.swift; path = RMSingleLocation.swift; sourceTree = "<group>"; };
		E9A3B80F2B09CC0900EA26EA /* RMCharacterStatus.swift */ = {isa = PBXFileReference; lastKnownFileType = sourcecode.swift; path = RMCharacterStatus.swift; sourceTree = "<group>"; };
		E9A3B8112B09CC3800EA26EA /* RMCharacterGender.swift */ = {isa = PBXFileReference; lastKnownFileType = sourcecode.swift; path = RMCharacterGender.swift; sourceTree = "<group>"; };
		E9A3B8152B0B25EB00EA26EA /* RMGetAllCharactersResponse.swift */ = {isa = PBXFileReference; lastKnownFileType = sourcecode.swift; path = RMGetAllCharactersResponse.swift; sourceTree = "<group>"; };
		E9A3B8172B0B2D2C00EA26EA /* RMCharacterListViewModel.swift */ = {isa = PBXFileReference; lastKnownFileType = sourcecode.swift; path = RMCharacterListViewModel.swift; sourceTree = "<group>"; };
		E9A3B81B2B0B2DBB00EA26EA /* RMCharacterListView.swift */ = {isa = PBXFileReference; lastKnownFileType = sourcecode.swift; path = RMCharacterListView.swift; sourceTree = "<group>"; };
		E9A3B81D2B0B318A00EA26EA /* Extensions.swift */ = {isa = PBXFileReference; lastKnownFileType = sourcecode.swift; path = Extensions.swift; sourceTree = "<group>"; };
		E9A3B81F2B0B36AF00EA26EA /* RMCharacterCollectionViewCell.swift */ = {isa = PBXFileReference; lastKnownFileType = sourcecode.swift; path = RMCharacterCollectionViewCell.swift; sourceTree = "<group>"; };
		E9A3B8212B0B37F400EA26EA /* RMCharacterCollectionViewCellViewModel.swift */ = {isa = PBXFileReference; lastKnownFileType = sourcecode.swift; path = RMCharacterCollectionViewCellViewModel.swift; sourceTree = "<group>"; };
		E9A3B8242B0B500C00EA26EA /* RMCharacterDetailViewController.swift */ = {isa = PBXFileReference; lastKnownFileType = sourcecode.swift; path = RMCharacterDetailViewController.swift; sourceTree = "<group>"; };
		E9A3B8262B0B509700EA26EA /* RMCharacterDetailView.swift */ = {isa = PBXFileReference; lastKnownFileType = sourcecode.swift; path = RMCharacterDetailView.swift; sourceTree = "<group>"; };
		E9A3B8282B0B50B600EA26EA /* RMCharacterDetailViewViewModel.swift */ = {isa = PBXFileReference; lastKnownFileType = sourcecode.swift; path = RMCharacterDetailViewViewModel.swift; sourceTree = "<group>"; };
		E9A3B82A2B0B559100EA26EA /* RMFooterLoadingCollectionReusableView.swift */ = {isa = PBXFileReference; lastKnownFileType = sourcecode.swift; path = RMFooterLoadingCollectionReusableView.swift; sourceTree = "<group>"; };
		E9A3B82C2B0CE0D200EA26EA /* RMImageLoader.swift */ = {isa = PBXFileReference; lastKnownFileType = sourcecode.swift; path = RMImageLoader.swift; sourceTree = "<group>"; };
		E9A3B8302B0D227600EA26EA /* RMCharacterPhotoCollectionViewCell.swift */ = {isa = PBXFileReference; lastKnownFileType = sourcecode.swift; path = RMCharacterPhotoCollectionViewCell.swift; sourceTree = "<group>"; };
		E9A3B8322B0D22AF00EA26EA /* RMCharacterInfoCollectionViewCell.swift */ = {isa = PBXFileReference; lastKnownFileType = sourcecode.swift; path = RMCharacterInfoCollectionViewCell.swift; sourceTree = "<group>"; };
		E9A3B8342B0D22C800EA26EA /* RMCharacterEpisodeCollectionViewCell.swift */ = {isa = PBXFileReference; lastKnownFileType = sourcecode.swift; path = RMCharacterEpisodeCollectionViewCell.swift; sourceTree = "<group>"; };
		E9A3B8372B0D230100EA26EA /* RMCharacterPhotoCollectionViewCellViewModel.swift */ = {isa = PBXFileReference; lastKnownFileType = sourcecode.swift; path = RMCharacterPhotoCollectionViewCellViewModel.swift; sourceTree = "<group>"; };
		E9A3B8392B0D231000EA26EA /* RMCharacterEpisodeCollectionViewCellViewModel.swift */ = {isa = PBXFileReference; lastKnownFileType = sourcecode.swift; path = RMCharacterEpisodeCollectionViewCellViewModel.swift; sourceTree = "<group>"; };
		E9A3B83B2B0D231F00EA26EA /* RMCharacterInfoCollectionViewCellViewModel.swift */ = {isa = PBXFileReference; lastKnownFileType = sourcecode.swift; path = RMCharacterInfoCollectionViewCellViewModel.swift; sourceTree = "<group>"; };
		E9A3B83D2B0DCED100EA26EA /* RMEpisodeDetailViewController.swift */ = {isa = PBXFileReference; lastKnownFileType = sourcecode.swift; path = RMEpisodeDetailViewController.swift; sourceTree = "<group>"; };
		E9A3B83F2B0DD09A00EA26EA /* RMAPICacheManager.swift */ = {isa = PBXFileReference; lastKnownFileType = sourcecode.swift; path = RMAPICacheManager.swift; sourceTree = "<group>"; };
		E9A3B8412B0DD81600EA26EA /* RMEpisodeDetailViewViewModel.swift */ = {isa = PBXFileReference; lastKnownFileType = sourcecode.swift; path = RMEpisodeDetailViewViewModel.swift; sourceTree = "<group>"; };
		E9A3B8432B0DD87B00EA26EA /* RMEpisodeDetailView.swift */ = {isa = PBXFileReference; lastKnownFileType = sourcecode.swift; path = RMEpisodeDetailView.swift; sourceTree = "<group>"; };
		E9A3B8462B0E1B2C00EA26EA /* RMEpisodeListView.swift */ = {isa = PBXFileReference; lastKnownFileType = sourcecode.swift; path = RMEpisodeListView.swift; sourceTree = "<group>"; };
		E9A3B8482B0E1D8B00EA26EA /* RMEpisodeListViewViewModel.swift */ = {isa = PBXFileReference; lastKnownFileType = sourcecode.swift; path = RMEpisodeListViewViewModel.swift; sourceTree = "<group>"; };
		E9A3B84A2B0E216500EA26EA /* RMGetAllEpisodesResponse.swift */ = {isa = PBXFileReference; lastKnownFileType = sourcecode.swift; path = RMGetAllEpisodesResponse.swift; sourceTree = "<group>"; };
		E9A3B84C2B17370100EA26EA /* RMSearchViewController.swift */ = {isa = PBXFileReference; lastKnownFileType = sourcecode.swift; path = RMSearchViewController.swift; sourceTree = "<group>"; };
		E9A3B84F2B174E5000EA26EA /* RMEpisodeInfoCollectionViewCell.swift */ = {isa = PBXFileReference; lastKnownFileType = sourcecode.swift; path = RMEpisodeInfoCollectionViewCell.swift; sourceTree = "<group>"; };
		E9A3B8522B174E8500EA26EA /* RMEpisodeInfoCollectionViewCellViewModel.swift */ = {isa = PBXFileReference; lastKnownFileType = sourcecode.swift; path = RMEpisodeInfoCollectionViewCellViewModel.swift; sourceTree = "<group>"; };
		E9A3B8552B20DB1B00EA26EA /* RMSettingsViewViewModel.swift */ = {isa = PBXFileReference; lastKnownFileType = sourcecode.swift; path = RMSettingsViewViewModel.swift; sourceTree = "<group>"; };
		E9A3B8572B20DB6B00EA26EA /* RMSettingsCellViewModel.swift */ = {isa = PBXFileReference; lastKnownFileType = sourcecode.swift; path = RMSettingsCellViewModel.swift; sourceTree = "<group>"; };
		E9A3B8592B20DBF000EA26EA /* RMSettingsOption.swift */ = {isa = PBXFileReference; lastKnownFileType = sourcecode.swift; path = RMSettingsOption.swift; sourceTree = "<group>"; };
		E9A3B85C2B263DCB00EA26EA /* RMSettingsView.swift */ = {isa = PBXFileReference; lastKnownFileType = sourcecode.swift; path = RMSettingsView.swift; sourceTree = "<group>"; };
/* End PBXFileReference section */

/* Begin PBXFrameworksBuildPhase section */
		E9A3B7D52B09B5CA00EA26EA /* Frameworks */ = {
			isa = PBXFrameworksBuildPhase;
			buildActionMask = 2147483647;
			files = (
			);
			runOnlyForDeploymentPostprocessing = 0;
		};
/* End PBXFrameworksBuildPhase section */

/* Begin PBXGroup section */
		E9A3B7CF2B09B5CA00EA26EA = {
			isa = PBXGroup;
			children = (
				E9A3B7DA2B09B5CA00EA26EA /* RickAndMorty */,
				E9A3B7D92B09B5CA00EA26EA /* Products */,
			);
			sourceTree = "<group>";
		};
		E9A3B7D92B09B5CA00EA26EA /* Products */ = {
			isa = PBXGroup;
			children = (
				E9A3B7D82B09B5CA00EA26EA /* RickAndMorty.app */,
			);
			name = Products;
			sourceTree = "<group>";
		};
		E9A3B7DA2B09B5CA00EA26EA /* RickAndMorty */ = {
			isa = PBXGroup;
			children = (
				E9A3B7F52B09B7A600EA26EA /* Resources */,
				E9A3B7F42B09B79500EA26EA /* APIClient */,
				E9A3B7F32B09B78D00EA26EA /* Managers */,
				E9A3B7F22B09B78600EA26EA /* ViewModels */,
				E9A3B7F12B09B77E00EA26EA /* Views */,
				E9A3B7F02B09B77600EA26EA /* Models */,
				E9A3B7EF2B09B76800EA26EA /* Controllers */,
				E9A3B7E92B09B5CB00EA26EA /* Info.plist */,
			);
			path = RickAndMorty;
			sourceTree = "<group>";
		};
		E9A3B7EF2B09B76800EA26EA /* Controllers */ = {
			isa = PBXGroup;
			children = (
				E9A3B8232B0B4FE000EA26EA /* Other */,
				E9A3B7FC2B09B88400EA26EA /* Core */,
			);
			path = Controllers;
			sourceTree = "<group>";
		};
		E9A3B7F02B09B77600EA26EA /* Models */ = {
			isa = PBXGroup;
			children = (
				E9A3B8142B0B25CF00EA26EA /* APIResponseTypes */,
				E9A3B8132B0B25C100EA26EA /* DataTypes */,
			);
			path = Models;
			sourceTree = "<group>";
		};
		E9A3B7F12B09B77E00EA26EA /* Views */ = {
			isa = PBXGroup;
			children = (
				E9A3B85B2B263DA300EA26EA /* SwiftUI */,
				E9A3B84E2B174E1300EA26EA /* EpisodeDetails */,
				E9A3B8452B0E1B1200EA26EA /* Episode */,
				E9A3B82E2B0D223800EA26EA /* CharacterDetails */,
				E9A3B82F2B0D225000EA26EA /* Character */,
				E9A3B82A2B0B559100EA26EA /* RMFooterLoadingCollectionReusableView.swift */,
			);
			path = Views;
			sourceTree = "<group>";
		};
		E9A3B7F22B09B78600EA26EA /* ViewModels */ = {
			isa = PBXGroup;
			children = (
				E9A3B8542B20DB0500EA26EA /* Settings */,
				E9A3B8512B174E6D00EA26EA /* EpisodeDetail */,
				E9A3B8362B0D22D800EA26EA /* CharacterDetail */,
				E9A3B8172B0B2D2C00EA26EA /* RMCharacterListViewModel.swift */,
				E9A3B8212B0B37F400EA26EA /* RMCharacterCollectionViewCellViewModel.swift */,
				E9A3B8482B0E1D8B00EA26EA /* RMEpisodeListViewViewModel.swift */,
			);
			path = ViewModels;
			sourceTree = "<group>";
		};
		E9A3B7F32B09B78D00EA26EA /* Managers */ = {
			isa = PBXGroup;
			children = (
				E9A3B82C2B0CE0D200EA26EA /* RMImageLoader.swift */,
				E9A3B83F2B0DD09A00EA26EA /* RMAPICacheManager.swift */,
			);
			path = Managers;
			sourceTree = "<group>";
		};
		E9A3B7F42B09B79500EA26EA /* APIClient */ = {
			isa = PBXGroup;
			children = (
				E9A3B8052B09C0F100EA26EA /* RMService.swift */,
				E9A3B8072B09C10400EA26EA /* RMRequest.swift */,
				E9A3B8092B09C52F00EA26EA /* RMEndpoint.swift */,
			);
			path = APIClient;
			sourceTree = "<group>";
		};
		E9A3B7F52B09B7A600EA26EA /* Resources */ = {
			isa = PBXGroup;
			children = (
				E9A3B7E42B09B5CB00EA26EA /* Assets.xcassets */,
				E9A3B7E62B09B5CB00EA26EA /* LaunchScreen.storyboard */,
				E9A3B7DB2B09B5CA00EA26EA /* AppDelegate.swift */,
				E9A3B7DD2B09B5CA00EA26EA /* SceneDelegate.swift */,
				E9A3B81D2B0B318A00EA26EA /* Extensions.swift */,
			);
			path = Resources;
			sourceTree = "<group>";
		};
		E9A3B7FC2B09B88400EA26EA /* Core */ = {
			isa = PBXGroup;
			children = (
				E9A3B7DF2B09B5CA00EA26EA /* RMTabViewController.swift */,
				E9A3B7FD2B09B8A800EA26EA /* RMCharacterViewController.swift */,
				E9A3B7FF2B09B8B800EA26EA /* RMLocationViewController.swift */,
				E9A3B8012B09B8C300EA26EA /* RMEpisodeViewController.swift */,
				E9A3B8032B09B8D600EA26EA /* RMSettingsViewController.swift */,
			);
			path = Core;
			sourceTree = "<group>";
		};
		E9A3B8132B0B25C100EA26EA /* DataTypes */ = {
			isa = PBXGroup;
			children = (
				E9A3B7F62B09B83200EA26EA /* RMLocation.swift */,
				E9A3B80D2B09CAB400EA26EA /* RMSingleLocation.swift */,
				E9A3B7F82B09B83D00EA26EA /* RMCharacter.swift */,
				E9A3B80F2B09CC0900EA26EA /* RMCharacterStatus.swift */,
				E9A3B8112B09CC3800EA26EA /* RMCharacterGender.swift */,
				E9A3B80B2B09CA5D00EA26EA /* RMOrigin.swift */,
				E9A3B7FA2B09B84600EA26EA /* RMEpisode.swift */,
			);
			path = DataTypes;
			sourceTree = "<group>";
		};
		E9A3B8142B0B25CF00EA26EA /* APIResponseTypes */ = {
			isa = PBXGroup;
			children = (
				E9A3B8152B0B25EB00EA26EA /* RMGetAllCharactersResponse.swift */,
				E9A3B84A2B0E216500EA26EA /* RMGetAllEpisodesResponse.swift */,
			);
			path = APIResponseTypes;
			sourceTree = "<group>";
		};
		E9A3B8232B0B4FE000EA26EA /* Other */ = {
			isa = PBXGroup;
			children = (
				E9A3B8242B0B500C00EA26EA /* RMCharacterDetailViewController.swift */,
				E9A3B83D2B0DCED100EA26EA /* RMEpisodeDetailViewController.swift */,
				E9A3B84C2B17370100EA26EA /* RMSearchViewController.swift */,
			);
			path = Other;
			sourceTree = "<group>";
		};
		E9A3B82E2B0D223800EA26EA /* CharacterDetails */ = {
			isa = PBXGroup;
			children = (
				E9A3B8262B0B509700EA26EA /* RMCharacterDetailView.swift */,
				E9A3B8302B0D227600EA26EA /* RMCharacterPhotoCollectionViewCell.swift */,
				E9A3B8322B0D22AF00EA26EA /* RMCharacterInfoCollectionViewCell.swift */,
				E9A3B8342B0D22C800EA26EA /* RMCharacterEpisodeCollectionViewCell.swift */,
			);
			path = CharacterDetails;
			sourceTree = "<group>";
		};
		E9A3B82F2B0D225000EA26EA /* Character */ = {
			isa = PBXGroup;
			children = (
				E9A3B81B2B0B2DBB00EA26EA /* RMCharacterListView.swift */,
				E9A3B81F2B0B36AF00EA26EA /* RMCharacterCollectionViewCell.swift */,
			);
			path = Character;
			sourceTree = "<group>";
		};
		E9A3B8362B0D22D800EA26EA /* CharacterDetail */ = {
			isa = PBXGroup;
			children = (
				E9A3B8282B0B50B600EA26EA /* RMCharacterDetailViewViewModel.swift */,
				E9A3B8372B0D230100EA26EA /* RMCharacterPhotoCollectionViewCellViewModel.swift */,
				E9A3B8392B0D231000EA26EA /* RMCharacterEpisodeCollectionViewCellViewModel.swift */,
				E9A3B83B2B0D231F00EA26EA /* RMCharacterInfoCollectionViewCellViewModel.swift */,
			);
			path = CharacterDetail;
			sourceTree = "<group>";
		};
		E9A3B8452B0E1B1200EA26EA /* Episode */ = {
			isa = PBXGroup;
			children = (
				E9A3B8462B0E1B2C00EA26EA /* RMEpisodeListView.swift */,
			);
			path = Episode;
			sourceTree = "<group>";
		};
		E9A3B84E2B174E1300EA26EA /* EpisodeDetails */ = {
			isa = PBXGroup;
			children = (
				E9A3B8432B0DD87B00EA26EA /* RMEpisodeDetailView.swift */,
				E9A3B84F2B174E5000EA26EA /* RMEpisodeInfoCollectionViewCell.swift */,
			);
			path = EpisodeDetails;
			sourceTree = "<group>";
		};
		E9A3B8512B174E6D00EA26EA /* EpisodeDetail */ = {
			isa = PBXGroup;
			children = (
				E9A3B8412B0DD81600EA26EA /* RMEpisodeDetailViewViewModel.swift */,
				E9A3B8522B174E8500EA26EA /* RMEpisodeInfoCollectionViewCellViewModel.swift */,
			);
			path = EpisodeDetail;
			sourceTree = "<group>";
		};
		E9A3B8542B20DB0500EA26EA /* Settings */ = {
			isa = PBXGroup;
			children = (
				E9A3B8552B20DB1B00EA26EA /* RMSettingsViewViewModel.swift */,
				E9A3B8572B20DB6B00EA26EA /* RMSettingsCellViewModel.swift */,
				E9A3B8592B20DBF000EA26EA /* RMSettingsOption.swift */,
			);
			path = Settings;
			sourceTree = "<group>";
		};
		E9A3B85B2B263DA300EA26EA /* SwiftUI */ = {
			isa = PBXGroup;
			children = (
				E9A3B85C2B263DCB00EA26EA /* RMSettingsView.swift */,
			);
			path = SwiftUI;
			sourceTree = "<group>";
		};
/* End PBXGroup section */

/* Begin PBXNativeTarget section */
		E9A3B7D72B09B5CA00EA26EA /* RickAndMorty */ = {
			isa = PBXNativeTarget;
			buildConfigurationList = E9A3B7EC2B09B5CB00EA26EA /* Build configuration list for PBXNativeTarget "RickAndMorty" */;
			buildPhases = (
				E9A3B7D42B09B5CA00EA26EA /* Sources */,
				E9A3B7D52B09B5CA00EA26EA /* Frameworks */,
				E9A3B7D62B09B5CA00EA26EA /* Resources */,
			);
			buildRules = (
			);
			dependencies = (
			);
			name = RickAndMorty;
			productName = RickAndMorty;
			productReference = E9A3B7D82B09B5CA00EA26EA /* RickAndMorty.app */;
			productType = "com.apple.product-type.application";
		};
/* End PBXNativeTarget section */

/* Begin PBXProject section */
		E9A3B7D02B09B5CA00EA26EA /* Project object */ = {
			isa = PBXProject;
			attributes = {
				BuildIndependentTargetsInParallel = 1;
				LastSwiftUpdateCheck = 1430;
				LastUpgradeCheck = 1430;
				TargetAttributes = {
					E9A3B7D72B09B5CA00EA26EA = {
						CreatedOnToolsVersion = 14.3.1;
					};
				};
			};
			buildConfigurationList = E9A3B7D32B09B5CA00EA26EA /* Build configuration list for PBXProject "RickAndMorty" */;
			compatibilityVersion = "Xcode 14.0";
			developmentRegion = en;
			hasScannedForEncodings = 0;
			knownRegions = (
				en,
				Base,
			);
			mainGroup = E9A3B7CF2B09B5CA00EA26EA;
			productRefGroup = E9A3B7D92B09B5CA00EA26EA /* Products */;
			projectDirPath = "";
			projectRoot = "";
			targets = (
				E9A3B7D72B09B5CA00EA26EA /* RickAndMorty */,
			);
		};
/* End PBXProject section */

/* Begin PBXResourcesBuildPhase section */
		E9A3B7D62B09B5CA00EA26EA /* Resources */ = {
			isa = PBXResourcesBuildPhase;
			buildActionMask = 2147483647;
			files = (
				E9A3B7E82B09B5CB00EA26EA /* LaunchScreen.storyboard in Resources */,
				E9A3B7E52B09B5CB00EA26EA /* Assets.xcassets in Resources */,
			);
			runOnlyForDeploymentPostprocessing = 0;
		};
/* End PBXResourcesBuildPhase section */

/* Begin PBXSourcesBuildPhase section */
		E9A3B7D42B09B5CA00EA26EA /* Sources */ = {
			isa = PBXSourcesBuildPhase;
			buildActionMask = 2147483647;
			files = (
				E9A3B8162B0B25EB00EA26EA /* RMGetAllCharactersResponse.swift in Sources */,
				E9A3B8292B0B50B600EA26EA /* RMCharacterDetailViewViewModel.swift in Sources */,
				E9A3B80C2B09CA5D00EA26EA /* RMOrigin.swift in Sources */,
				E9A3B84D2B17370100EA26EA /* RMSearchViewController.swift in Sources */,
				E9A3B82D2B0CE0D200EA26EA /* RMImageLoader.swift in Sources */,
				E9A3B81C2B0B2DBB00EA26EA /* RMCharacterListView.swift in Sources */,
				E9A3B80E2B09CAB400EA26EA /* RMSingleLocation.swift in Sources */,
				E9A3B8102B09CC0900EA26EA /* RMCharacterStatus.swift in Sources */,
				E9A3B83A2B0D231000EA26EA /* RMCharacterEpisodeCollectionViewCellViewModel.swift in Sources */,
				E9A3B83C2B0D231F00EA26EA /* RMCharacterInfoCollectionViewCellViewModel.swift in Sources */,
				E9A3B8472B0E1B2C00EA26EA /* RMEpisodeListView.swift in Sources */,
				E9A3B8122B09CC3800EA26EA /* RMCharacterGender.swift in Sources */,
				E9A3B8252B0B500C00EA26EA /* RMCharacterDetailViewController.swift in Sources */,
				E9A3B82B2B0B559100EA26EA /* RMFooterLoadingCollectionReusableView.swift in Sources */,
				E9A3B8562B20DB1B00EA26EA /* RMSettingsViewViewModel.swift in Sources */,
				E9A3B8002B09B8B800EA26EA /* RMLocationViewController.swift in Sources */,
				E9A3B8332B0D22AF00EA26EA /* RMCharacterInfoCollectionViewCell.swift in Sources */,
				E9A3B7FB2B09B84600EA26EA /* RMEpisode.swift in Sources */,
				E9A3B85A2B20DBF000EA26EA /* RMSettingsOption.swift in Sources */,
				E9A3B7E02B09B5CA00EA26EA /* RMTabViewController.swift in Sources */,
				E9A3B8202B0B36AF00EA26EA /* RMCharacterCollectionViewCell.swift in Sources */,
				E9A3B8022B09B8C300EA26EA /* RMEpisodeViewController.swift in Sources */,
				E9A3B7DC2B09B5CA00EA26EA /* AppDelegate.swift in Sources */,
				E9A3B7DE2B09B5CA00EA26EA /* SceneDelegate.swift in Sources */,
				E9A3B8312B0D227600EA26EA /* RMCharacterPhotoCollectionViewCell.swift in Sources */,
				E9A3B8582B20DB6B00EA26EA /* RMSettingsCellViewModel.swift in Sources */,
				E9A3B85D2B263DCB00EA26EA /* RMSettingsView.swift in Sources */,
				E9A3B8042B09B8D600EA26EA /* RMSettingsViewController.swift in Sources */,
				E9A3B81E2B0B318A00EA26EA /* Extensions.swift in Sources */,
				E9A3B8382B0D230100EA26EA /* RMCharacterPhotoCollectionViewCellViewModel.swift in Sources */,
				E9A3B8062B09C0F100EA26EA /* RMService.swift in Sources */,
				E9A3B7F72B09B83200EA26EA /* RMLocation.swift in Sources */,
				E9A3B80A2B09C52F00EA26EA /* RMEndpoint.swift in Sources */,
				E9A3B83E2B0DCED100EA26EA /* RMEpisodeDetailViewController.swift in Sources */,
				E9A3B8442B0DD87B00EA26EA /* RMEpisodeDetailView.swift in Sources */,
				E9A3B7F92B09B83D00EA26EA /* RMCharacter.swift in Sources */,
				E9A3B8222B0B37F400EA26EA /* RMCharacterCollectionViewCellViewModel.swift in Sources */,
				E9A3B8082B09C10400EA26EA /* RMRequest.swift in Sources */,
				E9A3B7FE2B09B8A800EA26EA /* RMCharacterViewController.swift in Sources */,
				E9A3B8352B0D22C800EA26EA /* RMCharacterEpisodeCollectionViewCell.swift in Sources */,
				E9A3B8182B0B2D2C00EA26EA /* RMCharacterListViewModel.swift in Sources */,
				E9A3B8492B0E1D8B00EA26EA /* RMEpisodeListViewViewModel.swift in Sources */,
				E9A3B8402B0DD09A00EA26EA /* RMAPICacheManager.swift in Sources */,
				E9A3B84B2B0E216500EA26EA /* RMGetAllEpisodesResponse.swift in Sources */,
				E9A3B8532B174E8500EA26EA /* RMEpisodeInfoCollectionViewCellViewModel.swift in Sources */,
				E9A3B8502B174E5000EA26EA /* RMEpisodeInfoCollectionViewCell.swift in Sources */,
				E9A3B8422B0DD81600EA26EA /* RMEpisodeDetailViewViewModel.swift in Sources */,
				E9A3B8272B0B509700EA26EA /* RMCharacterDetailView.swift in Sources */,
			);
			runOnlyForDeploymentPostprocessing = 0;
		};
/* End PBXSourcesBuildPhase section */

/* Begin PBXVariantGroup section */
		E9A3B7E62B09B5CB00EA26EA /* LaunchScreen.storyboard */ = {
			isa = PBXVariantGroup;
			children = (
				E9A3B7E72B09B5CB00EA26EA /* Base */,
			);
			name = LaunchScreen.storyboard;
			sourceTree = "<group>";
		};
/* End PBXVariantGroup section */

/* Begin XCBuildConfiguration section */
		E9A3B7EA2B09B5CB00EA26EA /* Debug */ = {
			isa = XCBuildConfiguration;
			buildSettings = {
				ALWAYS_SEARCH_USER_PATHS = NO;
				CLANG_ANALYZER_NONNULL = YES;
				CLANG_ANALYZER_NUMBER_OBJECT_CONVERSION = YES_AGGRESSIVE;
				CLANG_CXX_LANGUAGE_STANDARD = "gnu++20";
				CLANG_ENABLE_MODULES = YES;
				CLANG_ENABLE_OBJC_ARC = YES;
				CLANG_ENABLE_OBJC_WEAK = YES;
				CLANG_WARN_BLOCK_CAPTURE_AUTORELEASING = YES;
				CLANG_WARN_BOOL_CONVERSION = YES;
				CLANG_WARN_COMMA = YES;
				CLANG_WARN_CONSTANT_CONVERSION = YES;
				CLANG_WARN_DEPRECATED_OBJC_IMPLEMENTATIONS = YES;
				CLANG_WARN_DIRECT_OBJC_ISA_USAGE = YES_ERROR;
				CLANG_WARN_DOCUMENTATION_COMMENTS = YES;
				CLANG_WARN_EMPTY_BODY = YES;
				CLANG_WARN_ENUM_CONVERSION = YES;
				CLANG_WARN_INFINITE_RECURSION = YES;
				CLANG_WARN_INT_CONVERSION = YES;
				CLANG_WARN_NON_LITERAL_NULL_CONVERSION = YES;
				CLANG_WARN_OBJC_IMPLICIT_RETAIN_SELF = YES;
				CLANG_WARN_OBJC_LITERAL_CONVERSION = YES;
				CLANG_WARN_OBJC_ROOT_CLASS = YES_ERROR;
				CLANG_WARN_QUOTED_INCLUDE_IN_FRAMEWORK_HEADER = YES;
				CLANG_WARN_RANGE_LOOP_ANALYSIS = YES;
				CLANG_WARN_STRICT_PROTOTYPES = YES;
				CLANG_WARN_SUSPICIOUS_MOVE = YES;
				CLANG_WARN_UNGUARDED_AVAILABILITY = YES_AGGRESSIVE;
				CLANG_WARN_UNREACHABLE_CODE = YES;
				CLANG_WARN__DUPLICATE_METHOD_MATCH = YES;
				COPY_PHASE_STRIP = NO;
				DEBUG_INFORMATION_FORMAT = dwarf;
				ENABLE_STRICT_OBJC_MSGSEND = YES;
				ENABLE_TESTABILITY = YES;
				GCC_C_LANGUAGE_STANDARD = gnu11;
				GCC_DYNAMIC_NO_PIC = NO;
				GCC_NO_COMMON_BLOCKS = YES;
				GCC_OPTIMIZATION_LEVEL = 0;
				GCC_PREPROCESSOR_DEFINITIONS = (
					"DEBUG=1",
					"$(inherited)",
				);
				GCC_WARN_64_TO_32_BIT_CONVERSION = YES;
				GCC_WARN_ABOUT_RETURN_TYPE = YES_ERROR;
				GCC_WARN_UNDECLARED_SELECTOR = YES;
				GCC_WARN_UNINITIALIZED_AUTOS = YES_AGGRESSIVE;
				GCC_WARN_UNUSED_FUNCTION = YES;
				GCC_WARN_UNUSED_VARIABLE = YES;
				IPHONEOS_DEPLOYMENT_TARGET = 16.4;
				MTL_ENABLE_DEBUG_INFO = INCLUDE_SOURCE;
				MTL_FAST_MATH = YES;
				ONLY_ACTIVE_ARCH = YES;
				SDKROOT = iphoneos;
				SWIFT_ACTIVE_COMPILATION_CONDITIONS = DEBUG;
				SWIFT_OPTIMIZATION_LEVEL = "-Onone";
			};
			name = Debug;
		};
		E9A3B7EB2B09B5CB00EA26EA /* Release */ = {
			isa = XCBuildConfiguration;
			buildSettings = {
				ALWAYS_SEARCH_USER_PATHS = NO;
				CLANG_ANALYZER_NONNULL = YES;
				CLANG_ANALYZER_NUMBER_OBJECT_CONVERSION = YES_AGGRESSIVE;
				CLANG_CXX_LANGUAGE_STANDARD = "gnu++20";
				CLANG_ENABLE_MODULES = YES;
				CLANG_ENABLE_OBJC_ARC = YES;
				CLANG_ENABLE_OBJC_WEAK = YES;
				CLANG_WARN_BLOCK_CAPTURE_AUTORELEASING = YES;
				CLANG_WARN_BOOL_CONVERSION = YES;
				CLANG_WARN_COMMA = YES;
				CLANG_WARN_CONSTANT_CONVERSION = YES;
				CLANG_WARN_DEPRECATED_OBJC_IMPLEMENTATIONS = YES;
				CLANG_WARN_DIRECT_OBJC_ISA_USAGE = YES_ERROR;
				CLANG_WARN_DOCUMENTATION_COMMENTS = YES;
				CLANG_WARN_EMPTY_BODY = YES;
				CLANG_WARN_ENUM_CONVERSION = YES;
				CLANG_WARN_INFINITE_RECURSION = YES;
				CLANG_WARN_INT_CONVERSION = YES;
				CLANG_WARN_NON_LITERAL_NULL_CONVERSION = YES;
				CLANG_WARN_OBJC_IMPLICIT_RETAIN_SELF = YES;
				CLANG_WARN_OBJC_LITERAL_CONVERSION = YES;
				CLANG_WARN_OBJC_ROOT_CLASS = YES_ERROR;
				CLANG_WARN_QUOTED_INCLUDE_IN_FRAMEWORK_HEADER = YES;
				CLANG_WARN_RANGE_LOOP_ANALYSIS = YES;
				CLANG_WARN_STRICT_PROTOTYPES = YES;
				CLANG_WARN_SUSPICIOUS_MOVE = YES;
				CLANG_WARN_UNGUARDED_AVAILABILITY = YES_AGGRESSIVE;
				CLANG_WARN_UNREACHABLE_CODE = YES;
				CLANG_WARN__DUPLICATE_METHOD_MATCH = YES;
				COPY_PHASE_STRIP = NO;
				DEBUG_INFORMATION_FORMAT = "dwarf-with-dsym";
				ENABLE_NS_ASSERTIONS = NO;
				ENABLE_STRICT_OBJC_MSGSEND = YES;
				GCC_C_LANGUAGE_STANDARD = gnu11;
				GCC_NO_COMMON_BLOCKS = YES;
				GCC_WARN_64_TO_32_BIT_CONVERSION = YES;
				GCC_WARN_ABOUT_RETURN_TYPE = YES_ERROR;
				GCC_WARN_UNDECLARED_SELECTOR = YES;
				GCC_WARN_UNINITIALIZED_AUTOS = YES_AGGRESSIVE;
				GCC_WARN_UNUSED_FUNCTION = YES;
				GCC_WARN_UNUSED_VARIABLE = YES;
				IPHONEOS_DEPLOYMENT_TARGET = 16.4;
				MTL_ENABLE_DEBUG_INFO = NO;
				MTL_FAST_MATH = YES;
				SDKROOT = iphoneos;
				SWIFT_COMPILATION_MODE = wholemodule;
				SWIFT_OPTIMIZATION_LEVEL = "-O";
				VALIDATE_PRODUCT = YES;
			};
			name = Release;
		};
		E9A3B7ED2B09B5CB00EA26EA /* Debug */ = {
			isa = XCBuildConfiguration;
			buildSettings = {
				ASSETCATALOG_COMPILER_APPICON_NAME = AppIcon;
				ASSETCATALOG_COMPILER_GLOBAL_ACCENT_COLOR_NAME = AccentColor;
				CODE_SIGN_STYLE = Automatic;
				CURRENT_PROJECT_VERSION = 1;
				DEVELOPMENT_TEAM = 3V7H9MP56S;
				GENERATE_INFOPLIST_FILE = YES;
				INFOPLIST_FILE = RickAndMorty/Info.plist;
				INFOPLIST_KEY_UIApplicationSupportsIndirectInputEvents = YES;
				INFOPLIST_KEY_UILaunchStoryboardName = LaunchScreen;
				INFOPLIST_KEY_UISupportedInterfaceOrientations_iPad = "UIInterfaceOrientationPortrait UIInterfaceOrientationPortraitUpsideDown UIInterfaceOrientationLandscapeLeft UIInterfaceOrientationLandscapeRight";
				INFOPLIST_KEY_UISupportedInterfaceOrientations_iPhone = "UIInterfaceOrientationPortrait UIInterfaceOrientationLandscapeLeft UIInterfaceOrientationLandscapeRight";
				LD_RUNPATH_SEARCH_PATHS = (
					"$(inherited)",
					"@executable_path/Frameworks",
				);
				MARKETING_VERSION = 1.0;
				PRODUCT_BUNDLE_IDENTIFIER = com.brave.RickAndMorty;
				PRODUCT_NAME = "$(TARGET_NAME)";
				SWIFT_EMIT_LOC_STRINGS = YES;
				SWIFT_VERSION = 5.0;
				TARGETED_DEVICE_FAMILY = "1,2";
			};
			name = Debug;
		};
		E9A3B7EE2B09B5CB00EA26EA /* Release */ = {
			isa = XCBuildConfiguration;
			buildSettings = {
				ASSETCATALOG_COMPILER_APPICON_NAME = AppIcon;
				ASSETCATALOG_COMPILER_GLOBAL_ACCENT_COLOR_NAME = AccentColor;
				CODE_SIGN_STYLE = Automatic;
				CURRENT_PROJECT_VERSION = 1;
				DEVELOPMENT_TEAM = 3V7H9MP56S;
				GENERATE_INFOPLIST_FILE = YES;
				INFOPLIST_FILE = RickAndMorty/Info.plist;
				INFOPLIST_KEY_UIApplicationSupportsIndirectInputEvents = YES;
				INFOPLIST_KEY_UILaunchStoryboardName = LaunchScreen;
				INFOPLIST_KEY_UISupportedInterfaceOrientations_iPad = "UIInterfaceOrientationPortrait UIInterfaceOrientationPortraitUpsideDown UIInterfaceOrientationLandscapeLeft UIInterfaceOrientationLandscapeRight";
				INFOPLIST_KEY_UISupportedInterfaceOrientations_iPhone = "UIInterfaceOrientationPortrait UIInterfaceOrientationLandscapeLeft UIInterfaceOrientationLandscapeRight";
				LD_RUNPATH_SEARCH_PATHS = (
					"$(inherited)",
					"@executable_path/Frameworks",
				);
				MARKETING_VERSION = 1.0;
				PRODUCT_BUNDLE_IDENTIFIER = com.brave.RickAndMorty;
				PRODUCT_NAME = "$(TARGET_NAME)";
				SWIFT_EMIT_LOC_STRINGS = YES;
				SWIFT_VERSION = 5.0;
				TARGETED_DEVICE_FAMILY = "1,2";
			};
			name = Release;
		};
/* End XCBuildConfiguration section */

/* Begin XCConfigurationList section */
		E9A3B7D32B09B5CA00EA26EA /* Build configuration list for PBXProject "RickAndMorty" */ = {
			isa = XCConfigurationList;
			buildConfigurations = (
				E9A3B7EA2B09B5CB00EA26EA /* Debug */,
				E9A3B7EB2B09B5CB00EA26EA /* Release */,
			);
			defaultConfigurationIsVisible = 0;
			defaultConfigurationName = Release;
		};
		E9A3B7EC2B09B5CB00EA26EA /* Build configuration list for PBXNativeTarget "RickAndMorty" */ = {
			isa = XCConfigurationList;
			buildConfigurations = (
				E9A3B7ED2B09B5CB00EA26EA /* Debug */,
				E9A3B7EE2B09B5CB00EA26EA /* Release */,
			);
			defaultConfigurationIsVisible = 0;
			defaultConfigurationName = Release;
		};
/* End XCConfigurationList section */
	};
	rootObject = E9A3B7D02B09B5CA00EA26EA /* Project object */;
}
